
Microsoft Visual Studio Solution File, Format Version 11.00
# Visual Studio 2010
Project("{FAE04EC0-301F-11D3-BF4B-00C04F79EFBC}") = "SlothathorRestart", "RestartSlothGame\RestartSlothGame\SlothathorRestart.csproj", "{0C2C1F90-0BA1-408F-A216-65B256A20ED9}"
EndProject
Project("{FAE04EC0-301F-11D3-BF4B-00C04F79EFBC}") = "SlothathorRestartGameContent", "RestartSlothGame\RestartSlothGameContent\SlothathorRestartGameContent.contentproj", "{5F8ACC4E-F96C-495D-A3B0-6E08349A8998}"
EndProject
Global
	GlobalSection(SolutionConfigurationPlatforms) = preSolution
		Debug|x86 = Debug|x86
		Release|x86 = Release|x86
	EndGlobalSection
	GlobalSection(ProjectConfigurationPlatforms) = postSolution
		{0C2C1F90-0BA1-408F-A216-65B256A20ED9}.Debug|x86.ActiveCfg = Debug|x86
		{0C2C1F90-0BA1-408F-A216-65B256A20ED9}.Debug|x86.Build.0 = Debug|x86
		{0C2C1F90-0BA1-408F-A216-65B256A20ED9}.Release|x86.ActiveCfg = Release|x86
		{0C2C1F90-0BA1-408F-A216-65B256A20ED9}.Release|x86.Build.0 = Release|x86
		{5F8ACC4E-F96C-495D-A3B0-6E08349A8998}.Debug|x86.ActiveCfg = Debug|x86
		{5F8ACC4E-F96C-495D-A3B0-6E08349A8998}.Release|x86.ActiveCfg = Release|x86
	EndGlobalSection
	GlobalSection(SolutionProperties) = preSolution
		HideSolutionNode = FALSE
	EndGlobalSection
EndGlobal
